
Microsoft Visual Studio Solution File, Format Version 12.00
# Visual Studio 15
VisualStudioVersion = 15.0.27703.2018
MinimumVisualStudioVersion = 10.0.40219.1
Project("{2150E333-8FDC-42A3-9474-1A3956D46DE8}") = ".build", ".build", "{9B98927F-2F3A-4F37-B97C-FE67EA98473D}"
	ProjectSection(SolutionItems) = preProject
		..\build.cmd = ..\build.cmd
	EndProjectSection
EndProject
Project("{FAE04EC0-301F-11D3-BF4B-00C04F79EFBC}") = "Elders.Pandora.Consul", "Elders.Pandora.Consul\Elders.Pandora.Consul.csproj", "{9FA368C6-5AFD-4707-B6C2-50D1DC9A07AA}"
EndProject
Project("{FAE04EC0-301F-11D3-BF4B-00C04F79EFBC}") = "Elders.Pandora.Consul.Tests", "Elders.Pandora.Consul.Tests\Elders.Pandora.Consul.Tests.csproj", "{F367FC8E-F157-4952-B7E6-1C0AA563C425}"
EndProject
Global
	GlobalSection(SolutionConfigurationPlatforms) = preSolution
		Debug|Any CPU = Debug|Any CPU
		Release|Any CPU = Release|Any CPU
	EndGlobalSection
	GlobalSection(ProjectConfigurationPlatforms) = postSolution
		{9FA368C6-5AFD-4707-B6C2-50D1DC9A07AA}.Debug|Any CPU.ActiveCfg = Debug|Any CPU
		{9FA368C6-5AFD-4707-B6C2-50D1DC9A07AA}.Debug|Any CPU.Build.0 = Debug|Any CPU
		{9FA368C6-5AFD-4707-B6C2-50D1DC9A07AA}.Release|Any CPU.ActiveCfg = Release|Any CPU
		{9FA368C6-5AFD-4707-B6C2-50D1DC9A07AA}.Release|Any CPU.Build.0 = Release|Any CPU
		{F367FC8E-F157-4952-B7E6-1C0AA563C425}.Debug|Any CPU.ActiveCfg = Debug|Any CPU
		{F367FC8E-F157-4952-B7E6-1C0AA563C425}.Debug|Any CPU.Build.0 = Debug|Any CPU
		{F367FC8E-F157-4952-B7E6-1C0AA563C425}.Release|Any CPU.ActiveCfg = Release|Any CPU
		{F367FC8E-F157-4952-B7E6-1C0AA563C425}.Release|Any CPU.Build.0 = Release|Any CPU
	EndGlobalSection
	GlobalSection(SolutionProperties) = preSolution
		HideSolutionNode = FALSE
	EndGlobalSection
	GlobalSection(ExtensibilityGlobals) = postSolution
		SolutionGuid = {0505E01F-5AD6-46DD-B679-19C14ECD6C78}
	EndGlobalSection
EndGlobal
